// !$*UTF8*$!
{
	archiveVersion = 1;
	classes = {
	};
	objectVersion = 46;
	objects = {

/* Begin PBXBuildFile section */
		214250611E22E60700FB7FC3 /* Ground.swift in Sources */ = {isa = PBXBuildFile; fileRef = 214250601E22E60700FB7FC3 /* Ground.swift */; };
		21C1BE801E22BD6A0022D44A /* AppDelegate.swift in Sources */ = {isa = PBXBuildFile; fileRef = 21C1BE7F1E22BD6A0022D44A /* AppDelegate.swift */; };
		21C1BE881E22BD6A0022D44A /* GameViewController.swift in Sources */ = {isa = PBXBuildFile; fileRef = 21C1BE871E22BD6A0022D44A /* GameViewController.swift */; };
		21C1BE8B1E22BD6A0022D44A /* Main.storyboard in Resources */ = {isa = PBXBuildFile; fileRef = 21C1BE891E22BD6A0022D44A /* Main.storyboard */; };
		21C1BE8D1E22BD6A0022D44A /* Assets.xcassets in Resources */ = {isa = PBXBuildFile; fileRef = 21C1BE8C1E22BD6A0022D44A /* Assets.xcassets */; };
		21C1BE901E22BD6A0022D44A /* LaunchScreen.storyboard in Resources */ = {isa = PBXBuildFile; fileRef = 21C1BE8E1E22BD6A0022D44A /* LaunchScreen.storyboard */; };
		87408ABF1E40207900EC4A17 /* MainScene.swift in Sources */ = {isa = PBXBuildFile; fileRef = 87408ABE1E40207900EC4A17 /* MainScene.swift */; };
		87408AC21E4021AE00EC4A17 /* Extensions.swift in Sources */ = {isa = PBXBuildFile; fileRef = 87408AC11E4021AE00EC4A17 /* Extensions.swift */; };
		87408AC41E4021EA00EC4A17 /* GlobalEnums.swift in Sources */ = {isa = PBXBuildFile; fileRef = 87408AC31E4021EA00EC4A17 /* GlobalEnums.swift */; };
		877BDC531E590C33009A052B /* UnityKit.framework in Frameworks */ = {isa = PBXBuildFile; fileRef = 877BDC521E590C33009A052B /* UnityKit.framework */; };
		877BDC541E590C33009A052B /* UnityKit.framework in Embed Frameworks */ = {isa = PBXBuildFile; fileRef = 877BDC521E590C33009A052B /* UnityKit.framework */; settings = {ATTRIBUTES = (CodeSignOnCopy, RemoveHeadersOnCopy, ); }; };
		877BDC571E5917D3009A052B /* PhysicsCategories.swift in Sources */ = {isa = PBXBuildFile; fileRef = 877BDC561E5917D3009A052B /* PhysicsCategories.swift */; };
		8794C2E11E3E9A06000A7CAA /* PlayerCharacterEntity.swift in Sources */ = {isa = PBXBuildFile; fileRef = 8794C2E01E3E9A06000A7CAA /* PlayerCharacterEntity.swift */; };
		8794C2E81E3EA278000A7CAA /* PlayerMovementComponent.swift in Sources */ = {isa = PBXBuildFile; fileRef = 8794C2E71E3EA278000A7CAA /* PlayerMovementComponent.swift */; };
/* End PBXBuildFile section */

/* Begin PBXCopyFilesBuildPhase section */
		877BDC551E590C33009A052B /* Embed Frameworks */ = {
			isa = PBXCopyFilesBuildPhase;
			buildActionMask = 2147483647;
			dstPath = "";
			dstSubfolderSpec = 10;
			files = (
				877BDC541E590C33009A052B /* UnityKit.framework in Embed Frameworks */,
			);
			name = "Embed Frameworks";
			runOnlyForDeploymentPostprocessing = 0;
		};
/* End PBXCopyFilesBuildPhase section */

/* Begin PBXFileReference section */
		214250601E22E60700FB7FC3 /* Ground.swift */ = {isa = PBXFileReference; fileEncoding = 4; lastKnownFileType = sourcecode.swift; path = Ground.swift; sourceTree = "<group>"; };
		21C1BE7C1E22BD6A0022D44A /* fiftythreehurts.app */ = {isa = PBXFileReference; explicitFileType = wrapper.application; includeInIndex = 0; path = fiftythreehurts.app; sourceTree = BUILT_PRODUCTS_DIR; };
		21C1BE7F1E22BD6A0022D44A /* AppDelegate.swift */ = {isa = PBXFileReference; lastKnownFileType = sourcecode.swift; path = AppDelegate.swift; sourceTree = "<group>"; };
		21C1BE871E22BD6A0022D44A /* GameViewController.swift */ = {isa = PBXFileReference; lastKnownFileType = sourcecode.swift; path = GameViewController.swift; sourceTree = "<group>"; };
		21C1BE8A1E22BD6A0022D44A /* Base */ = {isa = PBXFileReference; lastKnownFileType = file.storyboard; name = Base; path = Base.lproj/Main.storyboard; sourceTree = "<group>"; };
		21C1BE8C1E22BD6A0022D44A /* Assets.xcassets */ = {isa = PBXFileReference; lastKnownFileType = folder.assetcatalog; path = Assets.xcassets; sourceTree = "<group>"; };
		21C1BE8F1E22BD6A0022D44A /* Base */ = {isa = PBXFileReference; lastKnownFileType = file.storyboard; name = Base; path = Base.lproj/LaunchScreen.storyboard; sourceTree = "<group>"; };
		21C1BE911E22BD6A0022D44A /* Info.plist */ = {isa = PBXFileReference; lastKnownFileType = text.plist.xml; path = Info.plist; sourceTree = "<group>"; };
		87408ABE1E40207900EC4A17 /* MainScene.swift */ = {isa = PBXFileReference; fileEncoding = 4; lastKnownFileType = sourcecode.swift; path = MainScene.swift; sourceTree = "<group>"; };
		87408AC11E4021AE00EC4A17 /* Extensions.swift */ = {isa = PBXFileReference; fileEncoding = 4; lastKnownFileType = sourcecode.swift; path = Extensions.swift; sourceTree = "<group>"; };
		87408AC31E4021EA00EC4A17 /* GlobalEnums.swift */ = {isa = PBXFileReference; fileEncoding = 4; lastKnownFileType = sourcecode.swift; path = GlobalEnums.swift; sourceTree = "<group>"; };
		877BDC521E590C33009A052B /* UnityKit.framework */ = {isa = PBXFileReference; lastKnownFileType = wrapper.framework; name = UnityKit.framework; path = Carthage/Build/iOS/UnityKit.framework; sourceTree = "<group>"; };
		877BDC561E5917D3009A052B /* PhysicsCategories.swift */ = {isa = PBXFileReference; fileEncoding = 4; lastKnownFileType = sourcecode.swift; path = PhysicsCategories.swift; sourceTree = "<group>"; };
		8794C2E01E3E9A06000A7CAA /* PlayerCharacterEntity.swift */ = {isa = PBXFileReference; fileEncoding = 4; lastKnownFileType = sourcecode.swift; path = PlayerCharacterEntity.swift; sourceTree = "<group>"; };
		8794C2E71E3EA278000A7CAA /* PlayerMovementComponent.swift */ = {isa = PBXFileReference; fileEncoding = 4; lastKnownFileType = sourcecode.swift; path = PlayerMovementComponent.swift; sourceTree = "<group>"; };
/* End PBXFileReference section */

/* Begin PBXFrameworksBuildPhase section */
		21C1BE791E22BD690022D44A /* Frameworks */ = {
			isa = PBXFrameworksBuildPhase;
			buildActionMask = 2147483647;
			files = (
				877BDC531E590C33009A052B /* UnityKit.framework in Frameworks */,
			);
			runOnlyForDeploymentPostprocessing = 0;
		};
/* End PBXFrameworksBuildPhase section */

/* Begin PBXGroup section */
		21C1BE731E22BD690022D44A = {
			isa = PBXGroup;
			children = (
				877BDC521E590C33009A052B /* UnityKit.framework */,
				21C1BE7E1E22BD6A0022D44A /* fiftythreehurts */,
				21C1BE7D1E22BD6A0022D44A /* Products */,
			);
			sourceTree = "<group>";
		};
		21C1BE7D1E22BD6A0022D44A /* Products */ = {
			isa = PBXGroup;
			children = (
				21C1BE7C1E22BD6A0022D44A /* fiftythreehurts.app */,
			);
			name = Products;
			sourceTree = "<group>";
		};
		21C1BE7E1E22BD6A0022D44A /* fiftythreehurts */ = {
			isa = PBXGroup;
			children = (
				21C1BE991E22D1910022D44A /* Objects */,
				21C1BE981E22D1520022D44A /* Scenes */,
				87408AC01E40219800EC4A17 /* Utilities */,
				21C1BE971E22D12D0022D44A /* Application */,
			);
			path = fiftythreehurts;
			sourceTree = "<group>";
		};
		21C1BE971E22D12D0022D44A /* Application */ = {
			isa = PBXGroup;
			children = (
				21C1BE7F1E22BD6A0022D44A /* AppDelegate.swift */,
				21C1BE871E22BD6A0022D44A /* GameViewController.swift */,
				21C1BE891E22BD6A0022D44A /* Main.storyboard */,
				21C1BE8C1E22BD6A0022D44A /* Assets.xcassets */,
				21C1BE8E1E22BD6A0022D44A /* LaunchScreen.storyboard */,
				21C1BE911E22BD6A0022D44A /* Info.plist */,
			);
			name = Application;
			sourceTree = "<group>";
		};
		21C1BE981E22D1520022D44A /* Scenes */ = {
			isa = PBXGroup;
			children = (
				87408ABE1E40207900EC4A17 /* MainScene.swift */,
			);
			name = Scenes;
			sourceTree = "<group>";
		};
		21C1BE991E22D1910022D44A /* Objects */ = {
			isa = PBXGroup;
			children = (
				8794C2DD1E3E999D000A7CAA /* Components */,
				8794C2DC1E3E9995000A7CAA /* Entities */,
				214250601E22E60700FB7FC3 /* Ground.swift */,
			);
			name = Objects;
			sourceTree = "<group>";
		};
		87408AC01E40219800EC4A17 /* Utilities */ = {
			isa = PBXGroup;
			children = (
				87408AC11E4021AE00EC4A17 /* Extensions.swift */,
				87408AC31E4021EA00EC4A17 /* GlobalEnums.swift */,
				877BDC561E5917D3009A052B /* PhysicsCategories.swift */,
			);
			name = Utilities;
			sourceTree = "<group>";
		};
		8794C2DC1E3E9995000A7CAA /* Entities */ = {
			isa = PBXGroup;
			children = (
				8794C2E01E3E9A06000A7CAA /* PlayerCharacterEntity.swift */,
			);
			name = Entities;
			sourceTree = "<group>";
		};
		8794C2DD1E3E999D000A7CAA /* Components */ = {
			isa = PBXGroup;
			children = (
				8794C2E71E3EA278000A7CAA /* PlayerMovementComponent.swift */,
			);
			name = Components;
			sourceTree = "<group>";
		};
/* End PBXGroup section */

/* Begin PBXNativeTarget section */
		21C1BE7B1E22BD690022D44A /* fiftythreehurts */ = {
			isa = PBXNativeTarget;
			buildConfigurationList = 21C1BE941E22BD6A0022D44A /* Build configuration list for PBXNativeTarget "fiftythreehurts" */;
			buildPhases = (
				21C1BE781E22BD690022D44A /* Sources */,
				21C1BE791E22BD690022D44A /* Frameworks */,
				21C1BE7A1E22BD690022D44A /* Resources */,
				877BDC551E590C33009A052B /* Embed Frameworks */,
			);
			buildRules = (
			);
			dependencies = (
			);
			name = fiftythreehurts;
			productName = fiftythreehurts;
			productReference = 21C1BE7C1E22BD6A0022D44A /* fiftythreehurts.app */;
			productType = "com.apple.product-type.application";
		};
/* End PBXNativeTarget section */

/* Begin PBXProject section */
		21C1BE741E22BD690022D44A /* Project object */ = {
			isa = PBXProject;
			attributes = {
				LastSwiftUpdateCheck = 0820;
				LastUpgradeCheck = 0820;
				ORGANIZATIONNAME = JakTiano;
				TargetAttributes = {
					21C1BE7B1E22BD690022D44A = {
						CreatedOnToolsVersion = 8.2.1;
						DevelopmentTeam = C8L677C7HM;
						ProvisioningStyle = Automatic;
					};
				};
			};
			buildConfigurationList = 21C1BE771E22BD690022D44A /* Build configuration list for PBXProject "fiftythreehurts" */;
			compatibilityVersion = "Xcode 3.2";
			developmentRegion = English;
			hasScannedForEncodings = 0;
			knownRegions = (
				en,
				Base,
			);
			mainGroup = 21C1BE731E22BD690022D44A;
			productRefGroup = 21C1BE7D1E22BD6A0022D44A /* Products */;
			projectDirPath = "";
			projectRoot = "";
			targets = (
				21C1BE7B1E22BD690022D44A /* fiftythreehurts */,
			);
		};
/* End PBXProject section */

/* Begin PBXResourcesBuildPhase section */
		21C1BE7A1E22BD690022D44A /* Resources */ = {
			isa = PBXResourcesBuildPhase;
			buildActionMask = 2147483647;
			files = (
				21C1BE8B1E22BD6A0022D44A /* Main.storyboard in Resources */,
				21C1BE8D1E22BD6A0022D44A /* Assets.xcassets in Resources */,
				21C1BE901E22BD6A0022D44A /* LaunchScreen.storyboard in Resources */,
			);
			runOnlyForDeploymentPostprocessing = 0;
		};
/* End PBXResourcesBuildPhase section */

/* Begin PBXSourcesBuildPhase section */
		21C1BE781E22BD690022D44A /* Sources */ = {
			isa = PBXSourcesBuildPhase;
			buildActionMask = 2147483647;
			files = (
				21C1BE881E22BD6A0022D44A /* GameViewController.swift in Sources */,
				87408AC41E4021EA00EC4A17 /* GlobalEnums.swift in Sources */,
				87408ABF1E40207900EC4A17 /* MainScene.swift in Sources */,
				87408AC21E4021AE00EC4A17 /* Extensions.swift in Sources */,
				8794C2E11E3E9A06000A7CAA /* PlayerCharacterEntity.swift in Sources */,
				21C1BE801E22BD6A0022D44A /* AppDelegate.swift in Sources */,
				214250611E22E60700FB7FC3 /* Ground.swift in Sources */,
				877BDC571E5917D3009A052B /* PhysicsCategories.swift in Sources */,
				8794C2E81E3EA278000A7CAA /* PlayerMovementComponent.swift in Sources */,
			);
			runOnlyForDeploymentPostprocessing = 0;
		};
/* End PBXSourcesBuildPhase section */

/* Begin PBXVariantGroup section */
		21C1BE891E22BD6A0022D44A /* Main.storyboard */ = {
			isa = PBXVariantGroup;
			children = (
				21C1BE8A1E22BD6A0022D44A /* Base */,
			);
			name = Main.storyboard;
			sourceTree = "<group>";
		};
		21C1BE8E1E22BD6A0022D44A /* LaunchScreen.storyboard */ = {
			isa = PBXVariantGroup;
			children = (
				21C1BE8F1E22BD6A0022D44A /* Base */,
			);
			name = LaunchScreen.storyboard;
			sourceTree = "<group>";
		};
/* End PBXVariantGroup section */

/* Begin XCBuildConfiguration section */
		21C1BE921E22BD6A0022D44A /* Debug */ = {
			isa = XCBuildConfiguration;
			buildSettings = {
				ALWAYS_SEARCH_USER_PATHS = NO;
				CLANG_ANALYZER_NONNULL = YES;
				CLANG_CXX_LANGUAGE_STANDARD = "gnu++0x";
				CLANG_CXX_LIBRARY = "libc++";
				CLANG_ENABLE_MODULES = YES;
				CLANG_ENABLE_OBJC_ARC = YES;
				CLANG_WARN_BOOL_CONVERSION = YES;
				CLANG_WARN_CONSTANT_CONVERSION = YES;
				CLANG_WARN_DIRECT_OBJC_ISA_USAGE = YES_ERROR;
				CLANG_WARN_DOCUMENTATION_COMMENTS = YES;
				CLANG_WARN_EMPTY_BODY = YES;
				CLANG_WARN_ENUM_CONVERSION = YES;
				CLANG_WARN_INFINITE_RECURSION = YES;
				CLANG_WARN_INT_CONVERSION = YES;
				CLANG_WARN_OBJC_ROOT_CLASS = YES_ERROR;
				CLANG_WARN_SUSPICIOUS_MOVE = YES;
				CLANG_WARN_UNREACHABLE_CODE = YES;
				CLANG_WARN__DUPLICATE_METHOD_MATCH = YES;
				"CODE_SIGN_IDENTITY[sdk=iphoneos*]" = "iPhone Developer";
				COPY_PHASE_STRIP = NO;
				DEBUG_INFORMATION_FORMAT = dwarf;
				ENABLE_STRICT_OBJC_MSGSEND = YES;
				ENABLE_TESTABILITY = YES;
				GCC_C_LANGUAGE_STANDARD = gnu99;
				GCC_DYNAMIC_NO_PIC = NO;
				GCC_NO_COMMON_BLOCKS = YES;
				GCC_OPTIMIZATION_LEVEL = 0;
				GCC_PREPROCESSOR_DEFINITIONS = (
					"DEBUG=1",
					"$(inherited)",
				);
				GCC_WARN_64_TO_32_BIT_CONVERSION = YES;
				GCC_WARN_ABOUT_RETURN_TYPE = YES_ERROR;
				GCC_WARN_UNDECLARED_SELECTOR = YES;
				GCC_WARN_UNINITIALIZED_AUTOS = YES_AGGRESSIVE;
				GCC_WARN_UNUSED_FUNCTION = YES;
				GCC_WARN_UNUSED_VARIABLE = YES;
				IPHONEOS_DEPLOYMENT_TARGET = 10.2;
				MTL_ENABLE_DEBUG_INFO = YES;
				ONLY_ACTIVE_ARCH = YES;
				SDKROOT = iphoneos;
				SWIFT_ACTIVE_COMPILATION_CONDITIONS = DEBUG;
				SWIFT_OPTIMIZATION_LEVEL = "-Onone";
			};
			name = Debug;
		};
		21C1BE931E22BD6A0022D44A /* Release */ = {
			isa = XCBuildConfiguration;
			buildSettings = {
				ALWAYS_SEARCH_USER_PATHS = NO;
				CLANG_ANALYZER_NONNULL = YES;
				CLANG_CXX_LANGUAGE_STANDARD = "gnu++0x";
				CLANG_CXX_LIBRARY = "libc++";
				CLANG_ENABLE_MODULES = YES;
				CLANG_ENABLE_OBJC_ARC = YES;
				CLANG_WARN_BOOL_CONVERSION = YES;
				CLANG_WARN_CONSTANT_CONVERSION = YES;
				CLANG_WARN_DIRECT_OBJC_ISA_USAGE = YES_ERROR;
				CLANG_WARN_DOCUMENTATION_COMMENTS = YES;
				CLANG_WARN_EMPTY_BODY = YES;
				CLANG_WARN_ENUM_CONVERSION = YES;
				CLANG_WARN_INFINITE_RECURSION = YES;
				CLANG_WARN_INT_CONVERSION = YES;
				CLANG_WARN_OBJC_ROOT_CLASS = YES_ERROR;
				CLANG_WARN_SUSPICIOUS_MOVE = YES;
				CLANG_WARN_UNREACHABLE_CODE = YES;
				CLANG_WARN__DUPLICATE_METHOD_MATCH = YES;
				"CODE_SIGN_IDENTITY[sdk=iphoneos*]" = "iPhone Developer";
				COPY_PHASE_STRIP = NO;
				DEBUG_INFORMATION_FORMAT = "dwarf-with-dsym";
				ENABLE_NS_ASSERTIONS = NO;
				ENABLE_STRICT_OBJC_MSGSEND = YES;
				GCC_C_LANGUAGE_STANDARD = gnu99;
				GCC_NO_COMMON_BLOCKS = YES;
				GCC_WARN_64_TO_32_BIT_CONVERSION = YES;
				GCC_WARN_ABOUT_RETURN_TYPE = YES_ERROR;
				GCC_WARN_UNDECLARED_SELECTOR = YES;
				GCC_WARN_UNINITIALIZED_AUTOS = YES_AGGRESSIVE;
				GCC_WARN_UNUSED_FUNCTION = YES;
				GCC_WARN_UNUSED_VARIABLE = YES;
				IPHONEOS_DEPLOYMENT_TARGET = 10.2;
				MTL_ENABLE_DEBUG_INFO = NO;
				SDKROOT = iphoneos;
				SWIFT_OPTIMIZATION_LEVEL = "-Owholemodule";
				VALIDATE_PRODUCT = YES;
			};
			name = Release;
		};
		21C1BE951E22BD6A0022D44A /* Debug */ = {
			isa = XCBuildConfiguration;
			buildSettings = {
				ASSETCATALOG_COMPILER_APPICON_NAME = AppIcon;
				DEVELOPMENT_TEAM = C8L677C7HM;
				FRAMEWORK_SEARCH_PATHS = (
					"$(inherited)",
					"$(PROJECT_DIR)/Carthage/Build/iOS",
				);
				INFOPLIST_FILE = fiftythreehurts/Info.plist;
				LD_RUNPATH_SEARCH_PATHS = "$(inherited) @executable_path/Frameworks";
				PRODUCT_BUNDLE_IDENTIFIER = jaktiano.fiftythreehurts;
				PRODUCT_NAME = "$(TARGET_NAME)";
				SWIFT_VERSION = 3.0;
			};
			name = Debug;
		};
		21C1BE961E22BD6A0022D44A /* Release */ = {
			isa = XCBuildConfiguration;
			buildSettings = {
				ASSETCATALOG_COMPILER_APPICON_NAME = AppIcon;
				DEVELOPMENT_TEAM = C8L677C7HM;
				FRAMEWORK_SEARCH_PATHS = (
					"$(inherited)",
					"$(PROJECT_DIR)/Carthage/Build/iOS",
				);
				INFOPLIST_FILE = fiftythreehurts/Info.plist;
				LD_RUNPATH_SEARCH_PATHS = "$(inherited) @executable_path/Frameworks";
				PRODUCT_BUNDLE_IDENTIFIER = jaktiano.fiftythreehurts;
				PRODUCT_NAME = "$(TARGET_NAME)";
				SWIFT_VERSION = 3.0;
			};
			name = Release;
		};
/* End XCBuildConfiguration section */

/* Begin XCConfigurationList section */
		21C1BE771E22BD690022D44A /* Build configuration list for PBXProject "fiftythreehurts" */ = {
			isa = XCConfigurationList;
			buildConfigurations = (
				21C1BE921E22BD6A0022D44A /* Debug */,
				21C1BE931E22BD6A0022D44A /* Release */,
			);
			defaultConfigurationIsVisible = 0;
			defaultConfigurationName = Release;
		};
		21C1BE941E22BD6A0022D44A /* Build configuration list for PBXNativeTarget "fiftythreehurts" */ = {
			isa = XCConfigurationList;
			buildConfigurations = (
				21C1BE951E22BD6A0022D44A /* Debug */,
				21C1BE961E22BD6A0022D44A /* Release */,
			);
			defaultConfigurationIsVisible = 0;
			defaultConfigurationName = Release;
		};
/* End XCConfigurationList section */
	};
	rootObject = 21C1BE741E22BD690022D44A /* Project object */;
}
